
Microsoft Visual Studio Solution File, Format Version 12.00
# Visual Studio 14
VisualStudioVersion = 14.0.25420.1
MinimumVisualStudioVersion = 10.0.40219.1
Project("{FAE04EC0-301F-11D3-BF4B-00C04F79EFBC}") = "1", "1\1.csproj", "{394D95A2-D3C5-4288-A419-936A6CA3C7E2}"
EndProject
Project("{FAE04EC0-301F-11D3-BF4B-00C04F79EFBC}") = "2", "2\2.csproj", "{4AD3ABD7-5B7C-40D4-AE01-19ED9870E930}"
EndProject
Project("{FAE04EC0-301F-11D3-BF4B-00C04F79EFBC}") = "3", "3\3.csproj", "{93AF6240-24C6-4B5A-98AA-CC84980E18EC}"
EndProject
Global
	GlobalSection(SolutionConfigurationPlatforms) = preSolution
		Debug|Any CPU = Debug|Any CPU
		Release|Any CPU = Release|Any CPU
	EndGlobalSection
	GlobalSection(ProjectConfigurationPlatforms) = postSolution
		{394D95A2-D3C5-4288-A419-936A6CA3C7E2}.Debug|Any CPU.ActiveCfg = Debug|Any CPU
		{394D95A2-D3C5-4288-A419-936A6CA3C7E2}.Debug|Any CPU.Build.0 = Debug|Any CPU
		{394D95A2-D3C5-4288-A419-936A6CA3C7E2}.Release|Any CPU.ActiveCfg = Release|Any CPU
		{394D95A2-D3C5-4288-A419-936A6CA3C7E2}.Release|Any CPU.Build.0 = Release|Any CPU
		{4AD3ABD7-5B7C-40D4-AE01-19ED9870E930}.Debug|Any CPU.ActiveCfg = Debug|Any CPU
		{4AD3ABD7-5B7C-40D4-AE01-19ED9870E930}.Debug|Any CPU.Build.0 = Debug|Any CPU
		{4AD3ABD7-5B7C-40D4-AE01-19ED9870E930}.Release|Any CPU.ActiveCfg = Release|Any CPU
		{4AD3ABD7-5B7C-40D4-AE01-19ED9870E930}.Release|Any CPU.Build.0 = Release|Any CPU
		{93AF6240-24C6-4B5A-98AA-CC84980E18EC}.Debug|Any CPU.ActiveCfg = Debug|Any CPU
		{93AF6240-24C6-4B5A-98AA-CC84980E18EC}.Debug|Any CPU.Build.0 = Debug|Any CPU
		{93AF6240-24C6-4B5A-98AA-CC84980E18EC}.Release|Any CPU.ActiveCfg = Release|Any CPU
		{93AF6240-24C6-4B5A-98AA-CC84980E18EC}.Release|Any CPU.Build.0 = Release|Any CPU
	EndGlobalSection
	GlobalSection(SolutionProperties) = preSolution
		HideSolutionNode = FALSE
	EndGlobalSection
EndGlobal
